<?xml version="1.0" encoding="utf-8"?>
<Project ToolsVersion="4.0" xmlns="http://schemas.microsoft.com/developer/msbuild/2003">
  <ItemGroup>
    <Filter Include="源文件">
      <UniqueIdentifier>{4FC737F1-C7A5-4376-A066-2A32D752A2FF}</UniqueIdentifier>
      <Extensions>cpp;c;cc;cxx;def;odl;idl;hpj;bat;asm;asmx</Extensions>
    </Filter>
    <Filter Include="头文件">
      <UniqueIdentifier>{93995380-89BD-4b04-88EB-625FBE52EBFB}</UniqueIdentifier>
      <Extensions>h;hpp;hxx;hm;inl;inc;xsd</Extensions>
    </Filter>
    <Filter Include="资源文件">
      <UniqueIdentifier>{67DA6AB6-F800-4c08-8B7A-83BB121AAD01}</UniqueIdentifier>
      <Extensions>rc;ico;cur;bmp;dlg;rc2;rct;bin;rgs;gif;jpg;jpeg;jpe;resx;tiff;tif;png;wav;mfcribbon-ms</Extensions>
    </Filter>
    <Filter Include="cx">
      <UniqueIdentifier>{7772a1d4-b1c4-4916-87b0-6daeadd556d3}</UniqueIdentifier>
    </Filter>
    <Filter Include="cx\Asist">
      <UniqueIdentifier>{93d4fcc0-862a-4bb4-a100-fc72034c4437}</UniqueIdentifier>
    </Filter>
  </ItemGroup>
  <ItemGroup>
    <ClCompile Include="Main.cpp">
      <Filter>源文件</Filter>
    </ClCompile>
    <ClCompile Include="OBJParser.cpp">
      <Filter>源文件</Filter>
    </ClCompile>
    <ClCompile Include="cx\m_room.cpp">
      <Filter>cx</Filter>
    </ClCompile>
    <ClCompile Include="cx\Normalisation Cube Map.cpp">
      <Filter>cx</Filter>
    </ClCompile>
    <ClCompile Include="cx\WALL.cpp">
      <Filter>cx</Filter>
    </ClCompile>
    <ClCompile Include="m_picture.cpp">
      <Filter>源文件</Filter>
    </ClCompile>
    <ClCompile Include="cx\CEIL.cpp">
      <Filter>cx</Filter>
    </ClCompile>
    <ClCompile Include="cx\Asist\ARB_multitexture_extension.cpp">
      <Filter>cx\Asist</Filter>
    </ClCompile>
    <ClCompile Include="cx\Asist\ARB_texture_cube_map_extension.cpp">
      <Filter>cx\Asist</Filter>
    </ClCompile>
    <ClCompile Include="cx\Asist\ARB_texture_env_combine_extension.cpp">
      <Filter>cx\Asist</Filter>
    </ClCompile>
    <ClCompile Include="cx\Asist\ARB_texture_env_dot3_extension.cpp">
      <Filter>cx\Asist</Filter>
    </ClCompile>
    <ClCompile Include="cx\Asist\COLOR.cpp">
      <Filter>cx\Asist</Filter>
    </ClCompile>
    <ClCompile Include="cx\Asist\IMAGE_CalculateStride.cpp">
      <Filter>cx\Asist</Filter>
    </ClCompile>
    <ClCompile Include="cx\Asist\IMAGE_ExpandPalette.cpp">
      <Filter>cx\Asist</Filter>
    </ClCompile>
    <ClCompile Include="cx\Asist\IMAGE_Load.cpp">
      <Filter>cx\Asist</Filter>
    </ClCompile>
    <ClCompile Include="cx\Asist\IMAGE_Load8BitBMP.cpp">
      <Filter>cx\Asist</Filter>
    </ClCompile>
    <ClCompile Include="cx\Asist\IMAGE_Load24BitBMP.cpp">
      <Filter>cx\Asist</Filter>
    </ClCompile>
    <ClCompile Include="cx\Asist\IMAGE_LoadAlpha.cpp">
      <Filter>cx\Asist</Filter>
    </ClCompile>
    <ClCompile Include="cx\Asist\IMAGE_LoadBMP.cpp">
      <Filter>cx\Asist</Filter>
    </ClCompile>
    <ClCompile Include="cx\Asist\IMAGE_LoadCompressedTrueColorTGA.cpp">
      <Filter>cx\Asist</Filter>
    </ClCompile>
    <ClCompile Include="cx\Asist\IMAGE_LoadTGA.cpp">
      <Filter>cx\Asist</Filter>
    </ClCompile>
    <ClCompile Include="cx\Asist\IMAGE_LoadUncompressed8BitTGA.cpp">
      <Filter>cx\Asist</Filter>
    </ClCompile>
    <ClCompile Include="cx\Asist\IMAGE_LoadUncompressedTrueColorTGA.cpp">
      <Filter>cx\Asist</Filter>
    </ClCompile>
    <ClCompile Include="cx\Asist\MATRIX4X4.cpp">
      <Filter>cx\Asist</Filter>
    </ClCompile>
    <ClCompile Include="cx\Asist\PLANE.cpp">
      <Filter>cx\Asist</Filter>
    </ClCompile>
    <ClCompile Include="cx\Asist\VECTOR2D.cpp">
      <Filter>cx\Asist</Filter>
    </ClCompile>
    <ClCompile Include="cx\Asist\VECTOR3D.cpp">
      <Filter>cx\Asist</Filter>
    </ClCompile>
    <ClCompile Include="cx\Asist\VECTOR4D.cpp">
      <Filter>cx\Asist</Filter>
    </ClCompile>
    <ClCompile Include="cx\FLOOR.cpp">
      <Filter>cx</Filter>
    </ClCompile>
  </ItemGroup>
  <ItemGroup>
    <ClInclude Include="m_shader.h">
      <Filter>头文件</Filter>
    </ClInclude>
    <ClInclude Include="m_model.h">
      <Filter>头文件</Filter>
    </ClInclude>
    <ClInclude Include="m_picture.h">
      <Filter>头文件</Filter>
    </ClInclude>
    <ClInclude Include="m_frame.h">
      <Filter>头文件</Filter>
    </ClInclude>
    <ClInclude Include="OBJParser.h">
      <Filter>头文件</Filter>
    </ClInclude>
    <ClInclude Include="cx\m_room.h">
      <Filter>cx</Filter>
    </ClInclude>
    <ClInclude Include="cx\Normalisation Cube Map.h">
      <Filter>cx</Filter>
    </ClInclude>
    <ClInclude Include="cx\WALL.h">
      <Filter>cx</Filter>
    </ClInclude>
    <ClInclude Include="cx\CEIL.h">
      <Filter>cx</Filter>
    </ClInclude>
    <ClInclude Include="cx\Asist\ARB_multitexture_extension.h">
      <Filter>cx\Asist</Filter>
    </ClInclude>
    <ClInclude Include="cx\Asist\ARB_texture_cube_map_extension.h">
      <Filter>cx\Asist</Filter>
    </ClInclude>
    <ClInclude Include="cx\Asist\ARB_texture_env_combine_extension.h">
      <Filter>cx\Asist</Filter>
    </ClInclude>
    <ClInclude Include="cx\Asist\ARB_texture_env_dot3_extension.h">
      <Filter>cx\Asist</Filter>
    </ClInclude>
    <ClInclude Include="cx\Asist\COLOR.h">
      <Filter>cx\Asist</Filter>
    </ClInclude>
    <ClInclude Include="cx\Asist\IMAGE.h">
      <Filter>cx\Asist</Filter>
    </ClInclude>
    <ClInclude Include="cx\Asist\Maths.h">
      <Filter>cx\Asist</Filter>
    </ClInclude>
    <ClInclude Include="cx\Asist\MATRIX4X4.h">
      <Filter>cx\Asist</Filter>
    </ClInclude>
    <ClInclude Include="cx\Asist\PLANE.h">
      <Filter>cx\Asist</Filter>
    </ClInclude>
    <ClInclude Include="cx\Asist\VECTOR2D.h">
      <Filter>cx\Asist</Filter>
    </ClInclude>
    <ClInclude Include="cx\Asist\VECTOR3D.h">
      <Filter>cx\Asist</Filter>
    </ClInclude>
    <ClInclude Include="cx\Asist\VECTOR4D.h">
      <Filter>cx\Asist</Filter>
    </ClInclude>
    <ClInclude Include="cx\FLOOR.h">
      <Filter>cx</Filter>
    </ClInclude>
  </ItemGroup>
</Project>